// !$*UTF8*$!
{
	archiveVersion = 1;
	classes = {
	};
	objectVersion = 55;
	objects = {

/* Begin PBXBuildFile section */
		F422C57A29E46B2B007306BC /* DataCounterView.swift in Sources */ = {isa = PBXBuildFile; fileRef = F422C57929E46B2B007306BC /* DataCounterView.swift */; };
		F4700F8129D7669E0069DC6D /* NavigationView.swift in Sources */ = {isa = PBXBuildFile; fileRef = F4700F8029D7669E0069DC6D /* NavigationView.swift */; };
		F4700F8329D7670D0069DC6D /* MainView.swift in Sources */ = {isa = PBXBuildFile; fileRef = F4700F8229D7670D0069DC6D /* MainView.swift */; };
		F4700F8529D768E20069DC6D /* ConnectionRow.swift in Sources */ = {isa = PBXBuildFile; fileRef = F4700F8429D768E20069DC6D /* ConnectionRow.swift */; };
		F477999A2EBE9AA6006C572E /* NIOSSH in Frameworks */ = {isa = PBXBuildFile; productRef = F47799992EBE9AA6006C572E /* NIOSSH */; };
		F477999C2EBE9B33006C572E /* NIOSSH in Frameworks */ = {isa = PBXBuildFile; productRef = F477999B2EBE9B33006C572E /* NIOSSH */; };
		F49EBCB229D367A500A43775 /* ConnectionStore.swift in Sources */ = {isa = PBXBuildFile; fileRef = F49EBCB129D367A500A43775 /* ConnectionStore.swift */; };
		F49EBCB429D367A900A43775 /* Connection.swift in Sources */ = {isa = PBXBuildFile; fileRef = F49EBCB329D367A900A43775 /* Connection.swift */; };
		F4ABBF5827DFDF730097436A /* SSH_TunnelBuilderApp.swift in Sources */ = {isa = PBXBuildFile; fileRef = F4ABBF5727DFDF730097436A /* SSH_TunnelBuilderApp.swift */; };
		F4ABBF5A27DFDF730097436A /* ContentView.swift in Sources */ = {isa = PBXBuildFile; fileRef = F4ABBF5927DFDF730097436A /* ContentView.swift */; };
		F4ABBF5C27DFDF740097436A /* Assets.xcassets in Resources */ = {isa = PBXBuildFile; fileRef = F4ABBF5B27DFDF740097436A /* Assets.xcassets */; };
		F4ABBF5F27DFDF740097436A /* Preview Assets.xcassets in Resources */ = {isa = PBXBuildFile; fileRef = F4ABBF5E27DFDF740097436A /* Preview Assets.xcassets */; };
		F4B4CA412EBBBEF4003F7C53 /* NIOConcurrencyHelpers in Frameworks */ = {isa = PBXBuildFile; productRef = F4B4CA402EBBBEF4003F7C53 /* NIOConcurrencyHelpers */; };
		F4B4CA462EBBCA31003F7C53 /* SSHManager.swift in Sources */ = {isa = PBXBuildFile; fileRef = F4B4CA452EBBCA31003F7C53 /* SSHManager.swift */; };
		F4B4CA492EBBCA58003F7C53 /* NIOSSH in Frameworks */ = {isa = PBXBuildFile; productRef = F4B4CA482EBBCA58003F7C53 /* NIOSSH */; };
		F4B4CA4B2EBBD995003F7C53 /* KeychainService.swift in Sources */ = {isa = PBXBuildFile; fileRef = F4B4CA4A2EBBD995003F7C53 /* KeychainService.swift */; };
/* End PBXBuildFile section */

/* Begin PBXContainerItemProxy section */
		F422C57229E454A7007306BC /* PBXContainerItemProxy */ = {
			isa = PBXContainerItemProxy;
			containerPortal = F4ABBF4C27DFDF730097436A /* Project object */;
			proxyType = 1;
			remoteGlobalIDString = F4ABBF5327DFDF730097436A;
			remoteInfo = "SSH TunnelBuilder";
		};
/* End PBXContainerItemProxy section */

/* Begin PBXFileReference section */
		F422C56E29E454A7007306BC /* SSH TunnelBuilderTests.xctest */ = {isa = PBXFileReference; explicitFileType = wrapper.cfbundle; includeInIndex = 0; path = "SSH TunnelBuilderTests.xctest"; sourceTree = BUILT_PRODUCTS_DIR; };
		F422C57929E46B2B007306BC /* DataCounterView.swift */ = {isa = PBXFileReference; lastKnownFileType = sourcecode.swift; path = DataCounterView.swift; sourceTree = "<group>"; };
		F4700F8029D7669E0069DC6D /* NavigationView.swift */ = {isa = PBXFileReference; lastKnownFileType = sourcecode.swift; path = NavigationView.swift; sourceTree = "<group>"; };
		F4700F8229D7670D0069DC6D /* MainView.swift */ = {isa = PBXFileReference; lastKnownFileType = sourcecode.swift; path = MainView.swift; sourceTree = "<group>"; };
		F4700F8429D768E20069DC6D /* ConnectionRow.swift */ = {isa = PBXFileReference; lastKnownFileType = sourcecode.swift; path = ConnectionRow.swift; sourceTree = "<group>"; };
		F49EBCB129D367A500A43775 /* ConnectionStore.swift */ = {isa = PBXFileReference; lastKnownFileType = sourcecode.swift; path = ConnectionStore.swift; sourceTree = "<group>"; };
		F49EBCB329D367A900A43775 /* Connection.swift */ = {isa = PBXFileReference; lastKnownFileType = sourcecode.swift; path = Connection.swift; sourceTree = "<group>"; };
		F4ABBF5427DFDF730097436A /* SSH TunnelBuilder.app */ = {isa = PBXFileReference; explicitFileType = wrapper.application; includeInIndex = 0; path = "SSH TunnelBuilder.app"; sourceTree = BUILT_PRODUCTS_DIR; };
		F4ABBF5727DFDF730097436A /* SSH_TunnelBuilderApp.swift */ = {isa = PBXFileReference; lastKnownFileType = sourcecode.swift; path = SSH_TunnelBuilderApp.swift; sourceTree = "<group>"; };
		F4ABBF5927DFDF730097436A /* ContentView.swift */ = {isa = PBXFileReference; lastKnownFileType = sourcecode.swift; path = ContentView.swift; sourceTree = "<group>"; xcLanguageSpecificationIdentifier = xcode.lang.swift; };
		F4ABBF5B27DFDF740097436A /* Assets.xcassets */ = {isa = PBXFileReference; lastKnownFileType = folder.assetcatalog; path = Assets.xcassets; sourceTree = "<group>"; };
		F4ABBF5E27DFDF740097436A /* Preview Assets.xcassets */ = {isa = PBXFileReference; lastKnownFileType = folder.assetcatalog; path = "Preview Assets.xcassets"; sourceTree = "<group>"; };
		F4ABBF6527DFDF740097436A /* SSH_TunnelBuilder.entitlements */ = {isa = PBXFileReference; lastKnownFileType = text.plist.entitlements; path = SSH_TunnelBuilder.entitlements; sourceTree = "<group>"; };
		F4B4CA422EBBC20E003F7C53 /* README.md */ = {isa = PBXFileReference; lastKnownFileType = net.daringfireball.markdown; path = README.md; sourceTree = "<group>"; };
		F4B4CA432EBBC211003F7C53 /* NOTICE.txt */ = {isa = PBXFileReference; lastKnownFileType = text; path = NOTICE.txt; sourceTree = "<group>"; };
		F4B4CA442EBBC2AC003F7C53 /* LICENSE.TXT */ = {isa = PBXFileReference; lastKnownFileType = text; path = LICENSE.TXT; sourceTree = "<group>"; };
		F4B4CA452EBBCA31003F7C53 /* SSHManager.swift */ = {isa = PBXFileReference; lastKnownFileType = sourcecode.swift; path = SSHManager.swift; sourceTree = "<group>"; };
		F4B4CA4A2EBBD995003F7C53 /* KeychainService.swift */ = {isa = PBXFileReference; lastKnownFileType = sourcecode.swift; path = KeychainService.swift; sourceTree = "<group>"; };
/* End PBXFileReference section */

/* Begin PBXFrameworksBuildPhase section */
		F422C56B29E454A7007306BC /* Frameworks */ = {
			isa = PBXFrameworksBuildPhase;
			buildActionMask = 2147483647;
			files = (
			);
			runOnlyForDeploymentPostprocessing = 0;
		};
		F4ABBF5127DFDF730097436A /* Frameworks */ = {
			isa = PBXFrameworksBuildPhase;
			buildActionMask = 2147483647;
			files = (
				F477999A2EBE9AA6006C572E /* NIOSSH in Frameworks */,
				F4B4CA492EBBCA58003F7C53 /* NIOSSH in Frameworks */,
				F477999C2EBE9B33006C572E /* NIOSSH in Frameworks */,
				F4B4CA412EBBBEF4003F7C53 /* NIOConcurrencyHelpers in Frameworks */,
			);
			runOnlyForDeploymentPostprocessing = 0;
		};
/* End PBXFrameworksBuildPhase section */

/* Begin PBXGroup section */
		F422C56F29E454A7007306BC /* SSH TunnelBuilderTests */ = {
			isa = PBXGroup;
			children = (
			);
			path = "SSH TunnelBuilderTests";
			sourceTree = "<group>";
		};
		F4700F8629D7696F0069DC6D /* GUI */ = {
			isa = PBXGroup;
			children = (
				F4ABBF5927DFDF730097436A /* ContentView.swift */,
				F4700F8029D7669E0069DC6D /* NavigationView.swift */,
				F4700F8229D7670D0069DC6D /* MainView.swift */,
				F4700F8429D768E20069DC6D /* ConnectionRow.swift */,
				F422C57929E46B2B007306BC /* DataCounterView.swift */,
			);
			path = GUI;
			sourceTree = "<group>";
		};
		F4700F8729D769A00069DC6D /* Classes */ = {
			isa = PBXGroup;
			children = (
				F49EBCB129D367A500A43775 /* ConnectionStore.swift */,
				F49EBCB329D367A900A43775 /* Connection.swift */,
				F4B4CA452EBBCA31003F7C53 /* SSHManager.swift */,
				F4B4CA4A2EBBD995003F7C53 /* KeychainService.swift */,
			);
			path = Classes;
			sourceTree = "<group>";
		};
		F4ABBF4B27DFDF730097436A = {
			isa = PBXGroup;
			children = (
				F4ABBF5627DFDF730097436A /* SSH TunnelBuilder */,
				F422C56F29E454A7007306BC /* SSH TunnelBuilderTests */,
				F4ABBF5527DFDF730097436A /* Products */,
				F4B4CA422EBBC20E003F7C53 /* README.md */,
				F4B4CA432EBBC211003F7C53 /* NOTICE.txt */,
				F4B4CA442EBBC2AC003F7C53 /* LICENSE.TXT */,
			);
			sourceTree = "<group>";
		};
		F4ABBF5527DFDF730097436A /* Products */ = {
			isa = PBXGroup;
			children = (
				F4ABBF5427DFDF730097436A /* SSH TunnelBuilder.app */,
				F422C56E29E454A7007306BC /* SSH TunnelBuilderTests.xctest */,
			);
			name = Products;
			sourceTree = "<group>";
		};
		F4ABBF5627DFDF730097436A /* SSH TunnelBuilder */ = {
			isa = PBXGroup;
			children = (
				F4700F8729D769A00069DC6D /* Classes */,
				F4700F8629D7696F0069DC6D /* GUI */,
				F4ABBF5727DFDF730097436A /* SSH_TunnelBuilderApp.swift */,
				F4ABBF5B27DFDF740097436A /* Assets.xcassets */,
				F4ABBF6527DFDF740097436A /* SSH_TunnelBuilder.entitlements */,
				F4ABBF5D27DFDF740097436A /* Preview Content */,
			);
			path = "SSH TunnelBuilder";
			sourceTree = "<group>";
		};
		F4ABBF5D27DFDF740097436A /* Preview Content */ = {
			isa = PBXGroup;
			children = (
				F4ABBF5E27DFDF740097436A /* Preview Assets.xcassets */,
			);
			path = "Preview Content";
			sourceTree = "<group>";
		};
/* End PBXGroup section */

/* Begin PBXNativeTarget section */
		F422C56D29E454A7007306BC /* SSH TunnelBuilderTests */ = {
			isa = PBXNativeTarget;
			buildConfigurationList = F422C57629E454A7007306BC /* Build configuration list for PBXNativeTarget "SSH TunnelBuilderTests" */;
			buildPhases = (
				F422C56A29E454A7007306BC /* Sources */,
				F422C56B29E454A7007306BC /* Frameworks */,
				F422C56C29E454A7007306BC /* Resources */,
			);
			buildRules = (
			);
			dependencies = (
				F422C57329E454A7007306BC /* PBXTargetDependency */,
			);
			name = "SSH TunnelBuilderTests";
			productName = "SSH TunnelBuilderTests";
			productReference = F422C56E29E454A7007306BC /* SSH TunnelBuilderTests.xctest */;
			productType = "com.apple.product-type.bundle.unit-test";
		};
		F4ABBF5327DFDF730097436A /* SSH TunnelBuilder */ = {
			isa = PBXNativeTarget;
			buildConfigurationList = F4ABBF6827DFDF740097436A /* Build configuration list for PBXNativeTarget "SSH TunnelBuilder" */;
			buildPhases = (
				F4ABBF5027DFDF730097436A /* Sources */,
				F4ABBF5127DFDF730097436A /* Frameworks */,
				F4ABBF5227DFDF730097436A /* Resources */,
			);
			buildRules = (
			);
			dependencies = (
			);
			name = "SSH TunnelBuilder";
			productName = "SSH TunnelBuilder2";
			productReference = F4ABBF5427DFDF730097436A /* SSH TunnelBuilder.app */;
			productType = "com.apple.product-type.application";
		};
/* End PBXNativeTarget section */

/* Begin PBXProject section */
		F4ABBF4C27DFDF730097436A /* Project object */ = {
			isa = PBXProject;
			attributes = {
				BuildIndependentTargetsInParallel = 1;
				LastSwiftUpdateCheck = 1430;
				LastUpgradeCheck = 1500;
				TargetAttributes = {
					F422C56D29E454A7007306BC = {
						CreatedOnToolsVersion = 14.3;
						TestTargetID = F4ABBF5327DFDF730097436A;
					};
					F4ABBF5327DFDF730097436A = {
						CreatedOnToolsVersion = 13.2.1;
					};
				};
			};
			buildConfigurationList = F4ABBF4F27DFDF730097436A /* Build configuration list for PBXProject "SSH TunnelBuilder" */;
			compatibilityVersion = "Xcode 13.0";
			developmentRegion = en;
			hasScannedForEncodings = 0;
			knownRegions = (
				en,
				Base,
			);
			mainGroup = F4ABBF4B27DFDF730097436A;
			packageReferences = (
				F4B4CA3F2EBBBEC3003F7C53 /* XCRemoteSwiftPackageReference "swift-nio" */,
				F4B4CA472EBBCA58003F7C53 /* XCRemoteSwiftPackageReference "swift-nio-ssh" */,
			);
			productRefGroup = F4ABBF5527DFDF730097436A /* Products */;
			projectDirPath = "";
			projectRoot = "";
			targets = (
				F4ABBF5327DFDF730097436A /* SSH TunnelBuilder */,
				F422C56D29E454A7007306BC /* SSH TunnelBuilderTests */,
			);
		};
/* End PBXProject section */

/* Begin PBXResourcesBuildPhase section */
		F422C56C29E454A7007306BC /* Resources */ = {
			isa = PBXResourcesBuildPhase;
			buildActionMask = 2147483647;
			files = (
			);
			runOnlyForDeploymentPostprocessing = 0;
		};
		F4ABBF5227DFDF730097436A /* Resources */ = {
			isa = PBXResourcesBuildPhase;
			buildActionMask = 2147483647;
			files = (
				F4ABBF5F27DFDF740097436A /* Preview Assets.xcassets in Resources */,
				F4ABBF5C27DFDF740097436A /* Assets.xcassets in Resources */,
			);
			runOnlyForDeploymentPostprocessing = 0;
		};
/* End PBXResourcesBuildPhase section */

/* Begin PBXSourcesBuildPhase section */
		F422C56A29E454A7007306BC /* Sources */ = {
			isa = PBXSourcesBuildPhase;
			buildActionMask = 2147483647;
			files = (
			);
			runOnlyForDeploymentPostprocessing = 0;
		};
		F4ABBF5027DFDF730097436A /* Sources */ = {
			isa = PBXSourcesBuildPhase;
			buildActionMask = 2147483647;
			files = (
				F49EBCB429D367A900A43775 /* Connection.swift in Sources */,
				F4700F8529D768E20069DC6D /* ConnectionRow.swift in Sources */,
				F4700F8329D7670D0069DC6D /* MainView.swift in Sources */,
				F4B4CA4B2EBBD995003F7C53 /* KeychainService.swift in Sources */,
				F4ABBF5A27DFDF730097436A /* ContentView.swift in Sources */,
				F4700F8129D7669E0069DC6D /* NavigationView.swift in Sources */,
				F4B4CA462EBBCA31003F7C53 /* SSHManager.swift in Sources */,
				F422C57A29E46B2B007306BC /* DataCounterView.swift in Sources */,
				F49EBCB229D367A500A43775 /* ConnectionStore.swift in Sources */,
				F4ABBF5827DFDF730097436A /* SSH_TunnelBuilderApp.swift in Sources */,
			);
			runOnlyForDeploymentPostprocessing = 0;
		};
/* End PBXSourcesBuildPhase section */

/* Begin PBXTargetDependency section */
		F422C57329E454A7007306BC /* PBXTargetDependency */ = {
			isa = PBXTargetDependency;
			target = F4ABBF5327DFDF730097436A /* SSH TunnelBuilder */;
			targetProxy = F422C57229E454A7007306BC /* PBXContainerItemProxy */;
		};
/* End PBXTargetDependency section */

/* Begin XCBuildConfiguration section */
		F422C57429E454A7007306BC /* Debug */ = {
			isa = XCBuildConfiguration;
			buildSettings = {
				BUNDLE_LOADER = "$(TEST_HOST)";
				CLANG_CXX_LANGUAGE_STANDARD = "gnu++20";
				CODE_SIGN_STYLE = Automatic;
				CURRENT_PROJECT_VERSION = 1;
				DEVELOPMENT_TEAM = 64GECYFVCN;
				GENERATE_INFOPLIST_FILE = YES;
				MACOSX_DEPLOYMENT_TARGET = 13.3;
				MARKETING_VERSION = 1.0;
				PRODUCT_BUNDLE_IDENTIFIER = "no.comraich.SSH-TunnelBuilderTests";
				PRODUCT_NAME = "$(TARGET_NAME)";
				SWIFT_EMIT_LOC_STRINGS = NO;
				SWIFT_VERSION = 5.0;
				TEST_HOST = "$(BUILT_PRODUCTS_DIR)/SSH TunnelBuilder.app/$(BUNDLE_EXECUTABLE_FOLDER_PATH)/SSH TunnelBuilder";
			};
			name = Debug;
		};
		F422C57529E454A7007306BC /* Release */ = {
			isa = XCBuildConfiguration;
			buildSettings = {
				BUNDLE_LOADER = "$(TEST_HOST)";
				CLANG_CXX_LANGUAGE_STANDARD = "gnu++20";
				CODE_SIGN_STYLE = Automatic;
				CURRENT_PROJECT_VERSION = 1;
				DEVELOPMENT_TEAM = 64GECYFVCN;
				GENERATE_INFOPLIST_FILE = YES;
				MACOSX_DEPLOYMENT_TARGET = 13.3;
				MARKETING_VERSION = 1.0;
				PRODUCT_BUNDLE_IDENTIFIER = "no.comraich.SSH-TunnelBuilderTests";
				PRODUCT_NAME = "$(TARGET_NAME)";
				SWIFT_EMIT_LOC_STRINGS = NO;
				SWIFT_VERSION = 5.0;
				TEST_HOST = "$(BUILT_PRODUCTS_DIR)/SSH TunnelBuilder.app/$(BUNDLE_EXECUTABLE_FOLDER_PATH)/SSH TunnelBuilder";
			};
			name = Release;
		};
		F4ABBF6627DFDF740097436A /* Debug */ = {
			isa = XCBuildConfiguration;
			buildSettings = {
				ALWAYS_SEARCH_USER_PATHS = NO;
				ASSETCATALOG_COMPILER_GENERATE_SWIFT_ASSET_SYMBOL_EXTENSIONS = YES;
				CLANG_ANALYZER_NONNULL = YES;
				CLANG_ANALYZER_NUMBER_OBJECT_CONVERSION = YES_AGGRESSIVE;
				CLANG_CXX_LANGUAGE_STANDARD = "gnu++17";
				CLANG_CXX_LIBRARY = "libc++";
				CLANG_ENABLE_MODULES = YES;
				CLANG_ENABLE_OBJC_ARC = YES;
				CLANG_ENABLE_OBJC_WEAK = YES;
				CLANG_WARN_BLOCK_CAPTURE_AUTORELEASING = YES;
				CLANG_WARN_BOOL_CONVERSION = YES;
				CLANG_WARN_COMMA = YES;
				CLANG_WARN_CONSTANT_CONVERSION = YES;
				CLANG_WARN_DEPRECATED_OBJC_IMPLEMENTATIONS = YES;
				CLANG_WARN_DIRECT_OBJC_ISA_USAGE = YES_ERROR;
				CLANG_WARN_DOCUMENTATION_COMMENTS = YES;
				CLANG_WARN_EMPTY_BODY = YES;
				CLANG_WARN_ENUM_CONVERSION = YES;
				CLANG_WARN_INFINITE_RECURSION = YES;
				CLANG_WARN_INT_CONVERSION = YES;
				CLANG_WARN_NON_LITERAL_NULL_CONVERSION = YES;
				CLANG_WARN_OBJC_IMPLICIT_RETAIN_SELF = YES;
				CLANG_WARN_OBJC_LITERAL_CONVERSION = YES;
				CLANG_WARN_OBJC_ROOT_CLASS = YES_ERROR;
				CLANG_WARN_QUOTED_INCLUDE_IN_FRAMEWORK_HEADER = YES;
				CLANG_WARN_RANGE_LOOP_ANALYSIS = YES;
				CLANG_WARN_STRICT_PROTOTYPES = YES;
				CLANG_WARN_SUSPICIOUS_MOVE = YES;
				CLANG_WARN_UNGUARDED_AVAILABILITY = YES_AGGRESSIVE;
				CLANG_WARN_UNREACHABLE_CODE = YES;
				CLANG_WARN__DUPLICATE_METHOD_MATCH = YES;
				COPY_PHASE_STRIP = NO;
				DEAD_CODE_STRIPPING = YES;
				DEBUG_INFORMATION_FORMAT = dwarf;
				ENABLE_STRICT_OBJC_MSGSEND = YES;
				ENABLE_TESTABILITY = YES;
				ENABLE_USER_SCRIPT_SANDBOXING = YES;
				GCC_C_LANGUAGE_STANDARD = gnu11;
				GCC_DYNAMIC_NO_PIC = NO;
				GCC_NO_COMMON_BLOCKS = YES;
				GCC_OPTIMIZATION_LEVEL = 0;
				GCC_PREPROCESSOR_DEFINITIONS = (
					"DEBUG=1",
					"$(inherited)",
				);
				GCC_WARN_64_TO_32_BIT_CONVERSION = YES;
				GCC_WARN_ABOUT_RETURN_TYPE = YES_ERROR;
				GCC_WARN_UNDECLARED_SELECTOR = YES;
				GCC_WARN_UNINITIALIZED_AUTOS = YES_AGGRESSIVE;
				GCC_WARN_UNUSED_FUNCTION = YES;
				GCC_WARN_UNUSED_VARIABLE = YES;
				MACOSX_DEPLOYMENT_TARGET = 11.0;
				MTL_ENABLE_DEBUG_INFO = INCLUDE_SOURCE;
				MTL_FAST_MATH = YES;
				ONLY_ACTIVE_ARCH = YES;
				SDKROOT = macosx;
				SWIFT_ACTIVE_COMPILATION_CONDITIONS = DEBUG;
				SWIFT_OPTIMIZATION_LEVEL = "-Onone";
			};
			name = Debug;
		};
		F4ABBF6727DFDF740097436A /* Release */ = {
			isa = XCBuildConfiguration;
			buildSettings = {
				ALWAYS_SEARCH_USER_PATHS = NO;
				ASSETCATALOG_COMPILER_GENERATE_SWIFT_ASSET_SYMBOL_EXTENSIONS = YES;
				CLANG_ANALYZER_NONNULL = YES;
				CLANG_ANALYZER_NUMBER_OBJECT_CONVERSION = YES_AGGRESSIVE;
				CLANG_CXX_LANGUAGE_STANDARD = "gnu++17";
				CLANG_CXX_LIBRARY = "libc++";
				CLANG_ENABLE_MODULES = YES;
				CLANG_ENABLE_OBJC_ARC = YES;
				CLANG_ENABLE_OBJC_WEAK = YES;
				CLANG_WARN_BLOCK_CAPTURE_AUTORELEASING = YES;
				CLANG_WARN_BOOL_CONVERSION = YES;
				CLANG_WARN_COMMA = YES;
				CLANG_WARN_CONSTANT_CONVERSION = YES;
				CLANG_WARN_DEPRECATED_OBJC_IMPLEMENTATIONS = YES;
				CLANG_WARN_DIRECT_OBJC_ISA_USAGE = YES_ERROR;
				CLANG_WARN_DOCUMENTATION_COMMENTS = YES;
				CLANG_WARN_EMPTY_BODY = YES;
				CLANG_WARN_ENUM_CONVERSION = YES;
				CLANG_WARN_INFINITE_RECURSION = YES;
				CLANG_WARN_INT_CONVERSION = YES;
				CLANG_WARN_NON_LITERAL_NULL_CONVERSION = YES;
				CLANG_WARN_OBJC_IMPLICIT_RETAIN_SELF = YES;
				CLANG_WARN_OBJC_LITERAL_CONVERSION = YES;
				CLANG_WARN_OBJC_ROOT_CLASS = YES_ERROR;
				CLANG_WARN_QUOTED_INCLUDE_IN_FRAMEWORK_HEADER = YES;
				CLANG_WARN_RANGE_LOOP_ANALYSIS = YES;
				CLANG_WARN_STRICT_PROTOTYPES = YES;
				CLANG_WARN_SUSPICIOUS_MOVE = YES;
				CLANG_WARN_UNGUARDED_AVAILABILITY = YES_AGGRESSIVE;
				CLANG_WARN_UNREACHABLE_CODE = YES;
				CLANG_WARN__DUPLICATE_METHOD_MATCH = YES;
				COPY_PHASE_STRIP = NO;
				DEAD_CODE_STRIPPING = YES;
				DEBUG_INFORMATION_FORMAT = "dwarf-with-dsym";
				ENABLE_NS_ASSERTIONS = NO;
				ENABLE_STRICT_OBJC_MSGSEND = YES;
				ENABLE_USER_SCRIPT_SANDBOXING = YES;
				GCC_C_LANGUAGE_STANDARD = gnu11;
				GCC_NO_COMMON_BLOCKS = YES;
				GCC_WARN_64_TO_32_BIT_CONVERSION = YES;
				GCC_WARN_ABOUT_RETURN_TYPE = YES_ERROR;
				GCC_WARN_UNDECLARED_SELECTOR = YES;
				GCC_WARN_UNINITIALIZED_AUTOS = YES_AGGRESSIVE;
				GCC_WARN_UNUSED_FUNCTION = YES;
				GCC_WARN_UNUSED_VARIABLE = YES;
				MACOSX_DEPLOYMENT_TARGET = 11.0;
				MTL_ENABLE_DEBUG_INFO = NO;
				MTL_FAST_MATH = YES;
				SDKROOT = macosx;
				SWIFT_COMPILATION_MODE = wholemodule;
				SWIFT_OPTIMIZATION_LEVEL = "-O";
			};
			name = Release;
		};
		F4ABBF6927DFDF740097436A /* Debug */ = {
			isa = XCBuildConfiguration;
			buildSettings = {
				ASSETCATALOG_COMPILER_APPICON_NAME = AppIcon;
				ASSETCATALOG_COMPILER_GLOBAL_ACCENT_COLOR_NAME = AccentColor;
				CODE_SIGN_ENTITLEMENTS = "SSH TunnelBuilder/SSH_TunnelBuilder.entitlements";
				CODE_SIGN_IDENTITY = "Apple Distribution";
				"CODE_SIGN_IDENTITY[sdk=macosx*]" = "Apple Development";
				CODE_SIGN_STYLE = Automatic;
				COMBINE_HIDPI_IMAGES = YES;
				CURRENT_PROJECT_VERSION = 1;
				DEAD_CODE_STRIPPING = YES;
				DEVELOPMENT_ASSET_PATHS = "\"SSH TunnelBuilder/Preview Content\"";
				DEVELOPMENT_TEAM = 64GECYFVCN;
				ENABLE_HARDENED_RUNTIME = YES;
				ENABLE_PREVIEWS = YES;
				GENERATE_INFOPLIST_FILE = YES;
				INFOPLIST_KEY_CFBundleDisplayName = "SSH TunnelBuilder";
				INFOPLIST_KEY_LSApplicationCategoryType = "public.app-category.utilities";
				INFOPLIST_KEY_NSHumanReadableCopyright = "";
				LD_RUNPATH_SEARCH_PATHS = (
					"$(inherited)",
					"@executable_path/../Frameworks",
				);
				MACOSX_DEPLOYMENT_TARGET = 15.6;
				MARKETING_VERSION = 2.0;
				PRODUCT_BUNDLE_IDENTIFIER = "no.comraich.SSH-TunnelBuilder";
				PRODUCT_NAME = "$(TARGET_NAME)";
				SWIFT_EMIT_LOC_STRINGS = YES;
				SWIFT_VERSION = 5.0;
			};
			name = Debug;
		};
		F4ABBF6A27DFDF740097436A /* Release */ = {
			isa = XCBuildConfiguration;
			buildSettings = {
				ASSETCATALOG_COMPILER_APPICON_NAME = AppIcon;
				ASSETCATALOG_COMPILER_GLOBAL_ACCENT_COLOR_NAME = AccentColor;
				CODE_SIGN_ENTITLEMENTS = "SSH TunnelBuilder/SSH_TunnelBuilder.entitlements";
				CODE_SIGN_IDENTITY = "Apple Distribution";
				"CODE_SIGN_IDENTITY[sdk=macosx*]" = "Apple Development";
				CODE_SIGN_STYLE = Automatic;
				COMBINE_HIDPI_IMAGES = YES;
				CURRENT_PROJECT_VERSION = 1;
				DEAD_CODE_STRIPPING = YES;
				DEVELOPMENT_ASSET_PATHS = "\"SSH TunnelBuilder/Preview Content\"";
				DEVELOPMENT_TEAM = 64GECYFVCN;
				ENABLE_HARDENED_RUNTIME = YES;
				ENABLE_PREVIEWS = YES;
				GENERATE_INFOPLIST_FILE = YES;
				INFOPLIST_KEY_CFBundleDisplayName = "SSH TunnelBuilder";
				INFOPLIST_KEY_LSApplicationCategoryType = "public.app-category.utilities";
				INFOPLIST_KEY_NSHumanReadableCopyright = "";
				LD_RUNPATH_SEARCH_PATHS = (
					"$(inherited)",
					"@executable_path/../Frameworks",
				);
				MACOSX_DEPLOYMENT_TARGET = 15.6;
				MARKETING_VERSION = 2.0;
				PRODUCT_BUNDLE_IDENTIFIER = "no.comraich.SSH-TunnelBuilder";
				PRODUCT_NAME = "$(TARGET_NAME)";
				SWIFT_EMIT_LOC_STRINGS = YES;
				SWIFT_VERSION = 5.0;
			};
			name = Release;
		};
/* End XCBuildConfiguration section */

/* Begin XCConfigurationList section */
		F422C57629E454A7007306BC /* Build configuration list for PBXNativeTarget "SSH TunnelBuilderTests" */ = {
			isa = XCConfigurationList;
			buildConfigurations = (
				F422C57429E454A7007306BC /* Debug */,
				F422C57529E454A7007306BC /* Release */,
			);
			defaultConfigurationIsVisible = 0;
			defaultConfigurationName = Release;
		};
		F4ABBF4F27DFDF730097436A /* Build configuration list for PBXProject "SSH TunnelBuilder" */ = {
			isa = XCConfigurationList;
			buildConfigurations = (
				F4ABBF6627DFDF740097436A /* Debug */,
				F4ABBF6727DFDF740097436A /* Release */,
			);
			defaultConfigurationIsVisible = 0;
			defaultConfigurationName = Release;
		};
		F4ABBF6827DFDF740097436A /* Build configuration list for PBXNativeTarget "SSH TunnelBuilder" */ = {
			isa = XCConfigurationList;
			buildConfigurations = (
				F4ABBF6927DFDF740097436A /* Debug */,
				F4ABBF6A27DFDF740097436A /* Release */,
			);
			defaultConfigurationIsVisible = 0;
			defaultConfigurationName = Release;
		};
/* End XCConfigurationList section */

/* Begin XCRemoteSwiftPackageReference section */
		F4B4CA3F2EBBBEC3003F7C53 /* XCRemoteSwiftPackageReference "swift-nio" */ = {
			isa = XCRemoteSwiftPackageReference;
			repositoryURL = "https://github.com/apple/swift-nio.git";
			requirement = {
				kind = upToNextMajorVersion;
				minimumVersion = 2.88.0;
			};
		};
		F4B4CA472EBBCA58003F7C53 /* XCRemoteSwiftPackageReference "swift-nio-ssh" */ = {
			isa = XCRemoteSwiftPackageReference;
			repositoryURL = "https://github.com/apple/swift-nio-ssh.git";
			requirement = {
				kind = upToNextMajorVersion;
				minimumVersion = 0.11.0;
			};
		};
/* End XCRemoteSwiftPackageReference section */

/* Begin XCSwiftPackageProductDependency section */
		F47799992EBE9AA6006C572E /* NIOSSH */ = {
			isa = XCSwiftPackageProductDependency;
			package = F4B4CA472EBBCA58003F7C53 /* XCRemoteSwiftPackageReference "swift-nio-ssh" */;
			productName = NIOSSH;
		};
		F477999B2EBE9B33006C572E /* NIOSSH */ = {
			isa = XCSwiftPackageProductDependency;
			productName = NIOSSH;
		};
		F4B4CA402EBBBEF4003F7C53 /* NIOConcurrencyHelpers */ = {
			isa = XCSwiftPackageProductDependency;
			package = F4B4CA3F2EBBBEC3003F7C53 /* XCRemoteSwiftPackageReference "swift-nio" */;
			productName = NIOConcurrencyHelpers;
		};
		F4B4CA482EBBCA58003F7C53 /* NIOSSH */ = {
			isa = XCSwiftPackageProductDependency;
			package = F4B4CA472EBBCA58003F7C53 /* XCRemoteSwiftPackageReference "swift-nio-ssh" */;
			productName = NIOSSH;
		};
/* End XCSwiftPackageProductDependency section */
	};
	rootObject = F4ABBF4C27DFDF730097436A /* Project object */;
}
