// !$*UTF8*$!
{
	archiveVersion = 1;
	classes = {
	};
	objectVersion = 90;
	objects = {

/* Begin PBXBuildFile section */
		F47CCD3B2FDB588600BBECDF /* NIOSSH in Frameworks */ = {isa = PBXBuildFile; productRef = F47CCD3A2FDB588600BBECDF /* NIOSSH */; };
		F47CCD3E2FDB592A00BBECDF /* NIO in Frameworks */ = {isa = PBXBuildFile; productRef = F47CCD3D2FDB592A00BBECDF /* NIO */; };
		F47CCD402FDB592A00BBECDF /* NIOConcurrencyHelpers in Frameworks */ = {isa = PBXBuildFile; productRef = F47CCD3F2FDB592A00BBECDF /* NIOConcurrencyHelpers */; };
		F47CCD422FDB592A00BBECDF /* NIOCore in Frameworks */ = {isa = PBXBuildFile; productRef = F47CCD412FDB592A00BBECDF /* NIOCore */; };
		F47CCD442FDB592A00BBECDF /* NIOEmbedded in Frameworks */ = {isa = PBXBuildFile; productRef = F47CCD432FDB592A00BBECDF /* NIOEmbedded */; };
		F47CCD462FDB592A00BBECDF /* NIOFoundationCompat in Frameworks */ = {isa = PBXBuildFile; productRef = F47CCD452FDB592A00BBECDF /* NIOFoundationCompat */; };
		F47CCD482FDB592A00BBECDF /* NIOFoundationEssentialsCompat in Frameworks */ = {isa = PBXBuildFile; productRef = F47CCD472FDB592A00BBECDF /* NIOFoundationEssentialsCompat */; };
		F47CCD4A2FDB592A00BBECDF /* NIOHTTP1 in Frameworks */ = {isa = PBXBuildFile; productRef = F47CCD492FDB592A00BBECDF /* NIOHTTP1 */; };
		F47CCD4C2FDB592A00BBECDF /* NIOPosix in Frameworks */ = {isa = PBXBuildFile; productRef = F47CCD4B2FDB592A00BBECDF /* NIOPosix */; };
		F47CCD4E2FDB592A00BBECDF /* NIOTLS in Frameworks */ = {isa = PBXBuildFile; productRef = F47CCD4D2FDB592A00BBECDF /* NIOTLS */; };
		F47CCD502FDB592A00BBECDF /* NIOTestUtils in Frameworks */ = {isa = PBXBuildFile; productRef = F47CCD4F2FDB592A00BBECDF /* NIOTestUtils */; };
		F47CCD522FDB592A00BBECDF /* NIOWebSocket in Frameworks */ = {isa = PBXBuildFile; productRef = F47CCD512FDB592A00BBECDF /* NIOWebSocket */; };
		F47CCD542FDB592A00BBECDF /* _NIOConcurrency in Frameworks */ = {isa = PBXBuildFile; productRef = F47CCD532FDB592A00BBECDF /* _NIOConcurrency */; };
		F47CCD562FDB592A00BBECDF /* _NIOFileSystem in Frameworks */ = {isa = PBXBuildFile; productRef = F47CCD552FDB592A00BBECDF /* _NIOFileSystem */; };
		F47CCD582FDB592A00BBECDF /* _NIOFileSystemFoundationCompat in Frameworks */ = {isa = PBXBuildFile; productRef = F47CCD572FDB592A00BBECDF /* _NIOFileSystemFoundationCompat */; };
/* End PBXBuildFile section */

/* Begin PBXContainerItemProxy section */
		F4CB866F2EE49D1D0066AEDA /* PBXContainerItemProxy */ = {
			isa = PBXContainerItemProxy;
			containerPortal = F4ABBF4C27DFDF730097436A /* Project object */;
			proxyType = 1;
			remoteGlobalIDString = F4ABBF5327DFDF730097436A;
			remoteInfo = "SSH TunnelBuilder";
		};
/* End PBXContainerItemProxy section */

/* Begin PBXFileReference section */
		F45BB0882EE41928000B4FA8 /* CryptoKit.framework */ = {isa = PBXFileReference; lastKnownFileType = wrapper.framework; name = CryptoKit.framework; path = System/Library/Frameworks/CryptoKit.framework; sourceTree = SDKROOT; };
		F4ABBF5427DFDF730097436A /* SSH TunnelBuilder.app */ = {isa = PBXFileReference; explicitFileType = wrapper.application; includeInIndex = 0; path = "SSH TunnelBuilder.app"; sourceTree = BUILT_PRODUCTS_DIR; };
		F4B4CA422EBBC20E003F7C53 /* README.md */ = {isa = PBXFileReference; lastKnownFileType = net.daringfireball.markdown; path = README.md; sourceTree = "<group>"; };
		F4B4CA432EBBC211003F7C53 /* NOTICE.txt */ = {isa = PBXFileReference; lastKnownFileType = text; path = NOTICE.txt; sourceTree = "<group>"; };
		F4B4CA442EBBC2AC003F7C53 /* LICENSE.TXT */ = {isa = PBXFileReference; lastKnownFileType = text; path = LICENSE.TXT; sourceTree = "<group>"; };
		F4CB866B2EE49D1D0066AEDA /* SSH TunnelBuilderTests.xctest */ = {isa = PBXFileReference; explicitFileType = wrapper.cfbundle; includeInIndex = 0; path = "SSH TunnelBuilderTests.xctest"; sourceTree = BUILT_PRODUCTS_DIR; };
/* End PBXFileReference section */

/* Begin PBXFileSystemSynchronizedBuildFileExceptionSet section */
		F47CCD382FDB4F1500BBECDF /* Exceptions for "SSH TunnelBuilder" folder in "SSH TunnelBuilderTests" target */ = {
			isa = PBXFileSystemSynchronizedBuildFileExceptionSet;
			membershipExceptions = (
				Classes/SSHTunnelError.swift,
			);
			target = F4CB866A2EE49D1D0066AEDA /* SSH TunnelBuilderTests */;
		};
		F49710F62EF01016003ADB19 /* Exceptions for "SSH TunnelBuilderTests" folder in "SSH TunnelBuilder" target */ = {
			isa = PBXFileSystemSynchronizedBuildFileExceptionSet;
			membershipExceptions = (
				SSHManagerTests.swift,
			);
			target = F4ABBF5327DFDF730097436A /* SSH TunnelBuilder */;
		};
		F4BAFED02FE1F22400D898D2 /* Exceptions for "SSH TunnelBuilder" folder in "SSH TunnelBuilder" target */ = {
			isa = PBXFileSystemSynchronizedBuildFileExceptionSet;
			membershipExceptions = (
				"SSH-TunnelBuilder-Info.plist",
			);
			target = F4ABBF5327DFDF730097436A /* SSH TunnelBuilder */;
		};
/* End PBXFileSystemSynchronizedBuildFileExceptionSet section */

/* Begin PBXFileSystemSynchronizedRootGroup section */
		F47CCD262FDB4F1400BBECDF /* SSH TunnelBuilder */ = {
			isa = PBXFileSystemSynchronizedRootGroup;
			exceptions = (
				F4BAFED02FE1F22400D898D2 /* Exceptions for "SSH TunnelBuilder" folder in "SSH TunnelBuilder" target */,
				F47CCD382FDB4F1500BBECDF /* Exceptions for "SSH TunnelBuilder" folder in "SSH TunnelBuilderTests" target */,
			);
			path = "SSH TunnelBuilder";
			sourceTree = "<group>";
		};
		F4CB866C2EE49D1D0066AEDA /* SSH TunnelBuilderTests */ = {
			isa = PBXFileSystemSynchronizedRootGroup;
			exceptions = (
				F49710F62EF01016003ADB19 /* Exceptions for "SSH TunnelBuilderTests" folder in "SSH TunnelBuilder" target */,
			);
			path = "SSH TunnelBuilderTests";
			sourceTree = "<group>";
		};
/* End PBXFileSystemSynchronizedRootGroup section */

/* Begin PBXFrameworksBuildPhase section */
		F4ABBF5127DFDF730097436A /* Frameworks */ = {
			isa = PBXFrameworksBuildPhase;
			files = (
				F47CCD482FDB592A00BBECDF /* NIOFoundationEssentialsCompat in Frameworks */,
				F47CCD4C2FDB592A00BBECDF /* NIOPosix in Frameworks */,
				F47CCD402FDB592A00BBECDF /* NIOConcurrencyHelpers in Frameworks */,
				F47CCD502FDB592A00BBECDF /* NIOTestUtils in Frameworks */,
				F47CCD3B2FDB588600BBECDF /* NIOSSH in Frameworks */,
				F47CCD522FDB592A00BBECDF /* NIOWebSocket in Frameworks */,
				F47CCD562FDB592A00BBECDF /* _NIOFileSystem in Frameworks */,
				F47CCD422FDB592A00BBECDF /* NIOCore in Frameworks */,
				F47CCD4E2FDB592A00BBECDF /* NIOTLS in Frameworks */,
				F47CCD582FDB592A00BBECDF /* _NIOFileSystemFoundationCompat in Frameworks */,
				F47CCD3E2FDB592A00BBECDF /* NIO in Frameworks */,
				F47CCD462FDB592A00BBECDF /* NIOFoundationCompat in Frameworks */,
				F47CCD442FDB592A00BBECDF /* NIOEmbedded in Frameworks */,
				F47CCD542FDB592A00BBECDF /* _NIOConcurrency in Frameworks */,
				F47CCD4A2FDB592A00BBECDF /* NIOHTTP1 in Frameworks */,
			);
		};
		F4CB86682EE49D1D0066AEDA /* Frameworks */ = {
			isa = PBXFrameworksBuildPhase;
			files = (
			);
		};
/* End PBXFrameworksBuildPhase section */

/* Begin PBXGroup section */
		F45BB0872EE41928000B4FA8 /* Frameworks */ = {
			isa = PBXGroup;
			children = (
				F45BB0882EE41928000B4FA8 /* CryptoKit.framework */,
			);
			name = Frameworks;
			sourceTree = "<group>";
		};
		F4ABBF4B27DFDF730097436A = {
			isa = PBXGroup;
			children = (
				F47CCD262FDB4F1400BBECDF /* SSH TunnelBuilder */,
				F4CB866C2EE49D1D0066AEDA /* SSH TunnelBuilderTests */,
				F4ABBF5527DFDF730097436A /* Products */,
				F4B4CA422EBBC20E003F7C53 /* README.md */,
				F4B4CA432EBBC211003F7C53 /* NOTICE.txt */,
				F4B4CA442EBBC2AC003F7C53 /* LICENSE.TXT */,
				F45BB0872EE41928000B4FA8 /* Frameworks */,
			);
			sourceTree = "<group>";
		};
		F4ABBF5527DFDF730097436A /* Products */ = {
			isa = PBXGroup;
			children = (
				F4ABBF5427DFDF730097436A /* SSH TunnelBuilder.app */,
				F4CB866B2EE49D1D0066AEDA /* SSH TunnelBuilderTests.xctest */,
			);
			name = Products;
			sourceTree = "<group>";
		};
/* End PBXGroup section */

/* Begin PBXNativeTarget section */
		F4ABBF5327DFDF730097436A /* SSH TunnelBuilder */ = {
			isa = PBXNativeTarget;
			buildConfigurationList = F4ABBF6827DFDF740097436A /* Build configuration list for PBXNativeTarget "SSH TunnelBuilder" */;
			buildPhases = (
				F4ABBF5027DFDF730097436A /* Sources */,
				F4ABBF5127DFDF730097436A /* Frameworks */,
				F4ABBF5227DFDF730097436A /* Resources */,
			);
			buildRules = (
			);
			fileSystemSynchronizedGroups = (
				F47CCD262FDB4F1400BBECDF /* SSH TunnelBuilder */,
			);
			name = "SSH TunnelBuilder";
			packageProductDependencies = (
				F47CCD3A2FDB588600BBECDF /* NIOSSH */,
				F47CCD3D2FDB592A00BBECDF /* NIO */,
				F47CCD3F2FDB592A00BBECDF /* NIOConcurrencyHelpers */,
				F47CCD412FDB592A00BBECDF /* NIOCore */,
				F47CCD432FDB592A00BBECDF /* NIOEmbedded */,
				F47CCD452FDB592A00BBECDF /* NIOFoundationCompat */,
				F47CCD472FDB592A00BBECDF /* NIOFoundationEssentialsCompat */,
				F47CCD492FDB592A00BBECDF /* NIOHTTP1 */,
				F47CCD4B2FDB592A00BBECDF /* NIOPosix */,
				F47CCD4D2FDB592A00BBECDF /* NIOTLS */,
				F47CCD4F2FDB592A00BBECDF /* NIOTestUtils */,
				F47CCD512FDB592A00BBECDF /* NIOWebSocket */,
				F47CCD532FDB592A00BBECDF /* _NIOConcurrency */,
				F47CCD552FDB592A00BBECDF /* _NIOFileSystem */,
				F47CCD572FDB592A00BBECDF /* _NIOFileSystemFoundationCompat */,
			);
			productName = "SSH TunnelBuilder2";
			productReference = F4ABBF5427DFDF730097436A /* SSH TunnelBuilder.app */;
			productType = "com.apple.product-type.application";
		};
		F4CB866A2EE49D1D0066AEDA /* SSH TunnelBuilderTests */ = {
			isa = PBXNativeTarget;
			buildConfigurationList = F4CB86712EE49D1D0066AEDA /* Build configuration list for PBXNativeTarget "SSH TunnelBuilderTests" */;
			buildPhases = (
				F4CB86672EE49D1D0066AEDA /* Sources */,
				F4CB86682EE49D1D0066AEDA /* Frameworks */,
				F4CB86692EE49D1D0066AEDA /* Resources */,
			);
			buildRules = (
			);
			dependencies = (
				F4CB86702EE49D1D0066AEDA /* PBXTargetDependency */,
			);
			fileSystemSynchronizedGroups = (
				F4CB866C2EE49D1D0066AEDA /* SSH TunnelBuilderTests */,
			);
			name = "SSH TunnelBuilderTests";
			productName = "SSH TunnelBuilderTests";
			productReference = F4CB866B2EE49D1D0066AEDA /* SSH TunnelBuilderTests.xctest */;
			productType = "com.apple.product-type.bundle.unit-test";
		};
/* End PBXNativeTarget section */

/* Begin PBXProject section */
		F4ABBF4C27DFDF730097436A /* Project object */ = {
			isa = PBXProject;
			attributes = {
				BuildIndependentTargetsInParallel = 1;
				LastSwiftUpdateCheck = 2610;
				LastUpgradeCheck = 2610;
				ORGANIZATIONNAME = Comraich;
				TargetAttributes = {
					F4ABBF5327DFDF730097436A = {
						CreatedOnToolsVersion = 13.2.1;
					};
					F4CB866A2EE49D1D0066AEDA = {
						CreatedOnToolsVersion = 26.1.1;
						TestTargetID = F4ABBF5327DFDF730097436A;
					};
				};
			};
			buildConfigurationList = F4ABBF4F27DFDF730097436A /* Build configuration list for PBXProject "SSH TunnelBuilder" */;
			developmentRegion = en;
			hasScannedForEncodings = 0;
			knownRegions = (
				en,
				Base,
			);
			mainGroup = F4ABBF4B27DFDF730097436A;
			packageReferences = (
				F47CCD392FDB588600BBECDF /* XCRemoteSwiftPackageReference "swift-nio-ssh" */,
				F47CCD3C2FDB592A00BBECDF /* XCRemoteSwiftPackageReference "swift-nio" */,
			);
			preferredProjectObjectVersion = 90;
			productRefGroup = F4ABBF5527DFDF730097436A /* Products */;
			projectDirPath = "";
			projectRoot = "";
			targets = (
				F4ABBF5327DFDF730097436A /* SSH TunnelBuilder */,
				F4CB866A2EE49D1D0066AEDA /* SSH TunnelBuilderTests */,
			);
		};
/* End PBXProject section */

/* Begin PBXResourcesBuildPhase section */
		F4ABBF5227DFDF730097436A /* Resources */ = {
			isa = PBXResourcesBuildPhase;
			files = (
			);
		};
		F4CB86692EE49D1D0066AEDA /* Resources */ = {
			isa = PBXResourcesBuildPhase;
			files = (
			);
		};
/* End PBXResourcesBuildPhase section */

/* Begin PBXSourcesBuildPhase section */
		F4ABBF5027DFDF730097436A /* Sources */ = {
			isa = PBXSourcesBuildPhase;
			files = (
			);
		};
		F4CB86672EE49D1D0066AEDA /* Sources */ = {
			isa = PBXSourcesBuildPhase;
			files = (
			);
		};
/* End PBXSourcesBuildPhase section */

/* Begin PBXTargetDependency section */
		F4CB86702EE49D1D0066AEDA /* PBXTargetDependency */ = {
			isa = PBXTargetDependency;
			target = F4ABBF5327DFDF730097436A /* SSH TunnelBuilder */;
			targetProxy = F4CB866F2EE49D1D0066AEDA /* PBXContainerItemProxy */;
		};
/* End PBXTargetDependency section */

/* Begin XCBuildConfiguration section */
		F4ABBF6627DFDF740097436A /* Debug configuration for PBXProject "SSH TunnelBuilder" */ = {
			isa = XCBuildConfiguration;
			buildSettings = {
				ALWAYS_SEARCH_USER_PATHS = NO;
				ASSETCATALOG_COMPILER_GENERATE_SWIFT_ASSET_SYMBOL_EXTENSIONS = YES;
				CLANG_ANALYZER_NONNULL = YES;
				CLANG_ANALYZER_NUMBER_OBJECT_CONVERSION = YES_AGGRESSIVE;
				CLANG_CXX_LANGUAGE_STANDARD = "gnu++17";
				CLANG_CXX_LIBRARY = "libc++";
				CLANG_ENABLE_MODULES = YES;
				CLANG_ENABLE_OBJC_ARC = YES;
				CLANG_ENABLE_OBJC_WEAK = YES;
				CLANG_WARN_BLOCK_CAPTURE_AUTORELEASING = YES;
				CLANG_WARN_BOOL_CONVERSION = YES;
				CLANG_WARN_COMMA = YES;
				CLANG_WARN_CONSTANT_CONVERSION = YES;
				CLANG_WARN_DEPRECATED_OBJC_IMPLEMENTATIONS = YES;
				CLANG_WARN_DIRECT_OBJC_ISA_USAGE = YES_ERROR;
				CLANG_WARN_DOCUMENTATION_COMMENTS = YES;
				CLANG_WARN_EMPTY_BODY = YES;
				CLANG_WARN_ENUM_CONVERSION = YES;
				CLANG_WARN_INFINITE_RECURSION = YES;
				CLANG_WARN_INT_CONVERSION = YES;
				CLANG_WARN_NON_LITERAL_NULL_CONVERSION = YES;
				CLANG_WARN_OBJC_IMPLICIT_RETAIN_SELF = YES;
				CLANG_WARN_OBJC_LITERAL_CONVERSION = YES;
				CLANG_WARN_OBJC_ROOT_CLASS = YES_ERROR;
				CLANG_WARN_QUOTED_INCLUDE_IN_FRAMEWORK_HEADER = YES;
				CLANG_WARN_RANGE_LOOP_ANALYSIS = YES;
				CLANG_WARN_STRICT_PROTOTYPES = YES;
				CLANG_WARN_SUSPICIOUS_MOVE = YES;
				CLANG_WARN_UNGUARDED_AVAILABILITY = YES_AGGRESSIVE;
				CLANG_WARN_UNREACHABLE_CODE = YES;
				CLANG_WARN__DUPLICATE_METHOD_MATCH = YES;
				COPY_PHASE_STRIP = NO;
				DEAD_CODE_STRIPPING = YES;
				DEBUG_INFORMATION_FORMAT = dwarf;
				DEVELOPMENT_TEAM = 64GECYFVCN;
				ENABLE_STRICT_OBJC_MSGSEND = YES;
				ENABLE_TESTABILITY = YES;
				ENABLE_USER_SCRIPT_SANDBOXING = YES;
				GCC_C_LANGUAGE_STANDARD = gnu11;
				GCC_DYNAMIC_NO_PIC = NO;
				GCC_NO_COMMON_BLOCKS = YES;
				GCC_OPTIMIZATION_LEVEL = 0;
				GCC_PREPROCESSOR_DEFINITIONS = (
					"DEBUG=1",
					"$(inherited)",
				);
				GCC_WARN_64_TO_32_BIT_CONVERSION = YES;
				GCC_WARN_ABOUT_RETURN_TYPE = YES_ERROR;
				GCC_WARN_UNDECLARED_SELECTOR = YES;
				GCC_WARN_UNINITIALIZED_AUTOS = YES_AGGRESSIVE;
				GCC_WARN_UNUSED_FUNCTION = YES;
				GCC_WARN_UNUSED_VARIABLE = YES;
				MACOSX_DEPLOYMENT_TARGET = 11.0;
				MTL_ENABLE_DEBUG_INFO = INCLUDE_SOURCE;
				MTL_FAST_MATH = YES;
				ONLY_ACTIVE_ARCH = YES;
				SDKROOT = macosx;
				STRING_CATALOG_GENERATE_SYMBOLS = YES;
				SWIFT_ACTIVE_COMPILATION_CONDITIONS = DEBUG;
				SWIFT_OPTIMIZATION_LEVEL = "-Onone";
			};
			name = Debug;
		};
		F4ABBF6727DFDF740097436A /* Release configuration for PBXProject "SSH TunnelBuilder" */ = {
			isa = XCBuildConfiguration;
			buildSettings = {
				ALWAYS_SEARCH_USER_PATHS = NO;
				ASSETCATALOG_COMPILER_GENERATE_SWIFT_ASSET_SYMBOL_EXTENSIONS = YES;
				CLANG_ANALYZER_NONNULL = YES;
				CLANG_ANALYZER_NUMBER_OBJECT_CONVERSION = YES_AGGRESSIVE;
				CLANG_CXX_LANGUAGE_STANDARD = "gnu++17";
				CLANG_CXX_LIBRARY = "libc++";
				CLANG_ENABLE_MODULES = YES;
				CLANG_ENABLE_OBJC_ARC = YES;
				CLANG_ENABLE_OBJC_WEAK = YES;
				CLANG_WARN_BLOCK_CAPTURE_AUTORELEASING = YES;
				CLANG_WARN_BOOL_CONVERSION = YES;
				CLANG_WARN_COMMA = YES;
				CLANG_WARN_CONSTANT_CONVERSION = YES;
				CLANG_WARN_DEPRECATED_OBJC_IMPLEMENTATIONS = YES;
				CLANG_WARN_DIRECT_OBJC_ISA_USAGE = YES_ERROR;
				CLANG_WARN_DOCUMENTATION_COMMENTS = YES;
				CLANG_WARN_EMPTY_BODY = YES;
				CLANG_WARN_ENUM_CONVERSION = YES;
				CLANG_WARN_INFINITE_RECURSION = YES;
				CLANG_WARN_INT_CONVERSION = YES;
				CLANG_WARN_NON_LITERAL_NULL_CONVERSION = YES;
				CLANG_WARN_OBJC_IMPLICIT_RETAIN_SELF = YES;
				CLANG_WARN_OBJC_LITERAL_CONVERSION = YES;
				CLANG_WARN_OBJC_ROOT_CLASS = YES_ERROR;
				CLANG_WARN_QUOTED_INCLUDE_IN_FRAMEWORK_HEADER = YES;
				CLANG_WARN_RANGE_LOOP_ANALYSIS = YES;
				CLANG_WARN_STRICT_PROTOTYPES = YES;
				CLANG_WARN_SUSPICIOUS_MOVE = YES;
				CLANG_WARN_UNGUARDED_AVAILABILITY = YES_AGGRESSIVE;
				CLANG_WARN_UNREACHABLE_CODE = YES;
				CLANG_WARN__DUPLICATE_METHOD_MATCH = YES;
				COPY_PHASE_STRIP = NO;
				DEAD_CODE_STRIPPING = YES;
				DEBUG_INFORMATION_FORMAT = "dwarf-with-dsym";
				DEVELOPMENT_TEAM = 64GECYFVCN;
				ENABLE_NS_ASSERTIONS = NO;
				ENABLE_STRICT_OBJC_MSGSEND = YES;
				ENABLE_USER_SCRIPT_SANDBOXING = YES;
				GCC_C_LANGUAGE_STANDARD = gnu11;
				GCC_NO_COMMON_BLOCKS = YES;
				GCC_WARN_64_TO_32_BIT_CONVERSION = YES;
				GCC_WARN_ABOUT_RETURN_TYPE = YES_ERROR;
				GCC_WARN_UNDECLARED_SELECTOR = YES;
				GCC_WARN_UNINITIALIZED_AUTOS = YES_AGGRESSIVE;
				GCC_WARN_UNUSED_FUNCTION = YES;
				GCC_WARN_UNUSED_VARIABLE = YES;
				MACOSX_DEPLOYMENT_TARGET = 11.0;
				MTL_ENABLE_DEBUG_INFO = NO;
				MTL_FAST_MATH = YES;
				SDKROOT = macosx;
				STRING_CATALOG_GENERATE_SYMBOLS = YES;
				SWIFT_COMPILATION_MODE = wholemodule;
				SWIFT_OPTIMIZATION_LEVEL = "-O";
			};
			name = Release;
		};
		F4ABBF6927DFDF740097436A /* Debug configuration for PBXNativeTarget "SSH TunnelBuilder" */ = {
			isa = XCBuildConfiguration;
			buildSettings = {
				ASSETCATALOG_COMPILER_APPICON_NAME = AppIcon;
				ASSETCATALOG_COMPILER_GLOBAL_ACCENT_COLOR_NAME = AccentColor;
				CODE_SIGN_ENTITLEMENTS = "SSH TunnelBuilder/SSH_TunnelBuilder.entitlements";
				CODE_SIGN_IDENTITY = "Apple Development";
				CODE_SIGN_STYLE = Automatic;
				COMBINE_HIDPI_IMAGES = YES;
				CURRENT_PROJECT_VERSION = 1;
				DEAD_CODE_STRIPPING = YES;
				DEVELOPMENT_ASSET_PATHS = "\"SSH TunnelBuilder/Preview Content\"";
				DEVELOPMENT_TEAM = 64GECYFVCN;
				ENABLE_APP_SANDBOX = YES;
				ENABLE_HARDENED_RUNTIME = YES;
				ENABLE_INCOMING_NETWORK_CONNECTIONS = YES;
				ENABLE_OUTGOING_NETWORK_CONNECTIONS = YES;
				ENABLE_PREVIEWS = YES;
				ENABLE_RESOURCE_ACCESS_AUDIO_INPUT = NO;
				ENABLE_RESOURCE_ACCESS_BLUETOOTH = NO;
				ENABLE_RESOURCE_ACCESS_CALENDARS = NO;
				ENABLE_RESOURCE_ACCESS_CAMERA = NO;
				ENABLE_RESOURCE_ACCESS_CONTACTS = NO;
				ENABLE_RESOURCE_ACCESS_LOCATION = NO;
				ENABLE_RESOURCE_ACCESS_PRINTING = NO;
				ENABLE_RESOURCE_ACCESS_USB = NO;
				ENABLE_USER_SELECTED_FILES = readwrite;
				GENERATE_INFOPLIST_FILE = YES;
				INFOPLIST_FILE = "SSH-TunnelBuilder-Info.plist";
				INFOPLIST_KEY_CFBundleDisplayName = "SSH TunnelBuilder";
				INFOPLIST_KEY_LSApplicationCategoryType = "public.app-category.utilities";
				INFOPLIST_KEY_NSHumanReadableCopyright = "Copyright © 2020-2026 Comraich ANS. Licensed under the Apache License, Version 2.0.";
				LD_RUNPATH_SEARCH_PATHS = (
					"$(inherited)",
					"@executable_path/../Frameworks",
				);
				MACOSX_DEPLOYMENT_TARGET = 15.6;
				MARKETING_VERSION = 2.2;
				PRODUCT_BUNDLE_IDENTIFIER = no.comraich.sshTunnelBuilder;
				PRODUCT_NAME = "$(TARGET_NAME)";
				PROVISIONING_PROFILE_SPECIFIER = "";
				SWIFT_APPROACHABLE_CONCURRENCY = YES;
				SWIFT_EMIT_LOC_STRINGS = YES;
				SWIFT_UPCOMING_FEATURE_MEMBER_IMPORT_VISIBILITY = YES;
				SWIFT_VERSION = 6.0;
			};
			name = Debug;
		};
		F4ABBF6A27DFDF740097436A /* Release configuration for PBXNativeTarget "SSH TunnelBuilder" */ = {
			isa = XCBuildConfiguration;
			buildSettings = {
				ASSETCATALOG_COMPILER_APPICON_NAME = AppIcon;
				ASSETCATALOG_COMPILER_GLOBAL_ACCENT_COLOR_NAME = AccentColor;
				CODE_SIGN_ENTITLEMENTS = "SSH TunnelBuilder/SSH_TunnelBuilder.entitlements";
				CODE_SIGN_IDENTITY = "Apple Development";
				CODE_SIGN_STYLE = Automatic;
				COMBINE_HIDPI_IMAGES = YES;
				CURRENT_PROJECT_VERSION = 1;
				DEAD_CODE_STRIPPING = YES;
				DEVELOPMENT_ASSET_PATHS = "\"SSH TunnelBuilder/Preview Content\"";
				DEVELOPMENT_TEAM = 64GECYFVCN;
				ENABLE_APP_SANDBOX = YES;
				ENABLE_HARDENED_RUNTIME = YES;
				ENABLE_INCOMING_NETWORK_CONNECTIONS = YES;
				ENABLE_OUTGOING_NETWORK_CONNECTIONS = YES;
				ENABLE_PREVIEWS = YES;
				ENABLE_RESOURCE_ACCESS_AUDIO_INPUT = NO;
				ENABLE_RESOURCE_ACCESS_BLUETOOTH = NO;
				ENABLE_RESOURCE_ACCESS_CALENDARS = NO;
				ENABLE_RESOURCE_ACCESS_CAMERA = NO;
				ENABLE_RESOURCE_ACCESS_CONTACTS = NO;
				ENABLE_RESOURCE_ACCESS_LOCATION = NO;
				ENABLE_RESOURCE_ACCESS_PRINTING = NO;
				ENABLE_RESOURCE_ACCESS_USB = NO;
				ENABLE_USER_SELECTED_FILES = readwrite;
				GENERATE_INFOPLIST_FILE = YES;
				INFOPLIST_FILE = "SSH-TunnelBuilder-Info.plist";
				INFOPLIST_KEY_CFBundleDisplayName = "SSH TunnelBuilder";
				INFOPLIST_KEY_LSApplicationCategoryType = "public.app-category.utilities";
				INFOPLIST_KEY_NSHumanReadableCopyright = "Copyright © 2020-2026 Comraich ANS. Licensed under the Apache License, Version 2.0.";
				LD_RUNPATH_SEARCH_PATHS = (
					"$(inherited)",
					"@executable_path/../Frameworks",
				);
				MACOSX_DEPLOYMENT_TARGET = 15.6;
				MARKETING_VERSION = 2.2;
				PRODUCT_BUNDLE_IDENTIFIER = no.comraich.sshTunnelBuilder;
				PRODUCT_NAME = "$(TARGET_NAME)";
				PROVISIONING_PROFILE_SPECIFIER = "";
				SWIFT_APPROACHABLE_CONCURRENCY = YES;
				SWIFT_EMIT_LOC_STRINGS = YES;
				SWIFT_UPCOMING_FEATURE_MEMBER_IMPORT_VISIBILITY = YES;
				SWIFT_VERSION = 6.0;
			};
			name = Release;
		};
		F4CB86722EE49D1D0066AEDA /* Debug configuration for PBXNativeTarget "SSH TunnelBuilderTests" */ = {
			isa = XCBuildConfiguration;
			buildSettings = {
				BUNDLE_LOADER = "$(TEST_HOST)";
				CLANG_CXX_LANGUAGE_STANDARD = "gnu++20";
				CODE_SIGN_STYLE = Automatic;
				CURRENT_PROJECT_VERSION = 1;
				DEVELOPMENT_TEAM = 64GECYFVCN;
				GCC_C_LANGUAGE_STANDARD = gnu17;
				GENERATE_INFOPLIST_FILE = YES;
				LOCALIZATION_PREFERS_STRING_CATALOGS = YES;
				MACOSX_DEPLOYMENT_TARGET = 15.6;
				MARKETING_VERSION = 2.2;
				PRODUCT_BUNDLE_IDENTIFIER = "no.comraich.SSH-TunnelBuilderTests";
				PRODUCT_NAME = "$(TARGET_NAME)";
				STRING_CATALOG_GENERATE_SYMBOLS = NO;
				SWIFT_ACTIVE_COMPILATION_CONDITIONS = "DEBUG $(inherited)";
				SWIFT_APPROACHABLE_CONCURRENCY = YES;
				SWIFT_EMIT_LOC_STRINGS = NO;
				SWIFT_UPCOMING_FEATURE_MEMBER_IMPORT_VISIBILITY = YES;
				SWIFT_VERSION = 6.0;
				TEST_HOST = "$(BUILT_PRODUCTS_DIR)/SSH TunnelBuilder.app/$(BUNDLE_EXECUTABLE_FOLDER_PATH)/SSH TunnelBuilder";
			};
			name = Debug;
		};
		F4CB86732EE49D1D0066AEDA /* Release configuration for PBXNativeTarget "SSH TunnelBuilderTests" */ = {
			isa = XCBuildConfiguration;
			buildSettings = {
				BUNDLE_LOADER = "$(TEST_HOST)";
				CLANG_CXX_LANGUAGE_STANDARD = "gnu++20";
				CODE_SIGN_STYLE = Automatic;
				CURRENT_PROJECT_VERSION = 1;
				DEVELOPMENT_TEAM = 64GECYFVCN;
				GCC_C_LANGUAGE_STANDARD = gnu17;
				GENERATE_INFOPLIST_FILE = YES;
				LOCALIZATION_PREFERS_STRING_CATALOGS = YES;
				MACOSX_DEPLOYMENT_TARGET = 15.6;
				MARKETING_VERSION = 2.2;
				PRODUCT_BUNDLE_IDENTIFIER = "no.comraich.SSH-TunnelBuilderTests";
				PRODUCT_NAME = "$(TARGET_NAME)";
				STRING_CATALOG_GENERATE_SYMBOLS = NO;
				SWIFT_APPROACHABLE_CONCURRENCY = YES;
				SWIFT_EMIT_LOC_STRINGS = NO;
				SWIFT_UPCOMING_FEATURE_MEMBER_IMPORT_VISIBILITY = YES;
				SWIFT_VERSION = 6.0;
				TEST_HOST = "$(BUILT_PRODUCTS_DIR)/SSH TunnelBuilder.app/$(BUNDLE_EXECUTABLE_FOLDER_PATH)/SSH TunnelBuilder";
			};
			name = Release;
		};
/* End XCBuildConfiguration section */

/* Begin XCConfigurationList section */
		F4ABBF4F27DFDF730097436A /* Build configuration list for PBXProject "SSH TunnelBuilder" */ = {
			isa = XCConfigurationList;
			buildConfigurations = (
				F4ABBF6627DFDF740097436A /* Debug configuration for PBXProject "SSH TunnelBuilder" */,
				F4ABBF6727DFDF740097436A /* Release configuration for PBXProject "SSH TunnelBuilder" */,
			);
			defaultConfigurationName = Release;
		};
		F4ABBF6827DFDF740097436A /* Build configuration list for PBXNativeTarget "SSH TunnelBuilder" */ = {
			isa = XCConfigurationList;
			buildConfigurations = (
				F4ABBF6927DFDF740097436A /* Debug configuration for PBXNativeTarget "SSH TunnelBuilder" */,
				F4ABBF6A27DFDF740097436A /* Release configuration for PBXNativeTarget "SSH TunnelBuilder" */,
			);
			defaultConfigurationName = Release;
		};
		F4CB86712EE49D1D0066AEDA /* Build configuration list for PBXNativeTarget "SSH TunnelBuilderTests" */ = {
			isa = XCConfigurationList;
			buildConfigurations = (
				F4CB86722EE49D1D0066AEDA /* Debug configuration for PBXNativeTarget "SSH TunnelBuilderTests" */,
				F4CB86732EE49D1D0066AEDA /* Release configuration for PBXNativeTarget "SSH TunnelBuilderTests" */,
			);
			defaultConfigurationName = Release;
		};
/* End XCConfigurationList section */

/* Begin XCRemoteSwiftPackageReference section */
		F47CCD392FDB588600BBECDF /* XCRemoteSwiftPackageReference "swift-nio-ssh" */ = {
			isa = XCRemoteSwiftPackageReference;
			repositoryURL = "https://github.com/apple/swift-nio-ssh.git";
			requirement = {
				kind = upToNextMajorVersion;
				minimumVersion = 0.13.0;
			};
		};
		F47CCD3C2FDB592A00BBECDF /* XCRemoteSwiftPackageReference "swift-nio" */ = {
			isa = XCRemoteSwiftPackageReference;
			repositoryURL = "https://github.com/apple/swift-nio.git";
			requirement = {
				kind = upToNextMajorVersion;
				minimumVersion = 2.101.0;
			};
		};
/* End XCRemoteSwiftPackageReference section */

/* Begin XCSwiftPackageProductDependency section */
		F47CCD3A2FDB588600BBECDF /* NIOSSH */ = {
			isa = XCSwiftPackageProductDependency;
			package = F47CCD392FDB588600BBECDF /* XCRemoteSwiftPackageReference "swift-nio-ssh" */;
			productName = NIOSSH;
		};
		F47CCD3D2FDB592A00BBECDF /* NIO */ = {
			isa = XCSwiftPackageProductDependency;
			package = F47CCD3C2FDB592A00BBECDF /* XCRemoteSwiftPackageReference "swift-nio" */;
			productName = NIO;
		};
		F47CCD3F2FDB592A00BBECDF /* NIOConcurrencyHelpers */ = {
			isa = XCSwiftPackageProductDependency;
			package = F47CCD3C2FDB592A00BBECDF /* XCRemoteSwiftPackageReference "swift-nio" */;
			productName = NIOConcurrencyHelpers;
		};
		F47CCD412FDB592A00BBECDF /* NIOCore */ = {
			isa = XCSwiftPackageProductDependency;
			package = F47CCD3C2FDB592A00BBECDF /* XCRemoteSwiftPackageReference "swift-nio" */;
			productName = NIOCore;
		};
		F47CCD432FDB592A00BBECDF /* NIOEmbedded */ = {
			isa = XCSwiftPackageProductDependency;
			package = F47CCD3C2FDB592A00BBECDF /* XCRemoteSwiftPackageReference "swift-nio" */;
			productName = NIOEmbedded;
		};
		F47CCD452FDB592A00BBECDF /* NIOFoundationCompat */ = {
			isa = XCSwiftPackageProductDependency;
			package = F47CCD3C2FDB592A00BBECDF /* XCRemoteSwiftPackageReference "swift-nio" */;
			productName = NIOFoundationCompat;
		};
		F47CCD472FDB592A00BBECDF /* NIOFoundationEssentialsCompat */ = {
			isa = XCSwiftPackageProductDependency;
			package = F47CCD3C2FDB592A00BBECDF /* XCRemoteSwiftPackageReference "swift-nio" */;
			productName = NIOFoundationEssentialsCompat;
		};
		F47CCD492FDB592A00BBECDF /* NIOHTTP1 */ = {
			isa = XCSwiftPackageProductDependency;
			package = F47CCD3C2FDB592A00BBECDF /* XCRemoteSwiftPackageReference "swift-nio" */;
			productName = NIOHTTP1;
		};
		F47CCD4B2FDB592A00BBECDF /* NIOPosix */ = {
			isa = XCSwiftPackageProductDependency;
			package = F47CCD3C2FDB592A00BBECDF /* XCRemoteSwiftPackageReference "swift-nio" */;
			productName = NIOPosix;
		};
		F47CCD4D2FDB592A00BBECDF /* NIOTLS */ = {
			isa = XCSwiftPackageProductDependency;
			package = F47CCD3C2FDB592A00BBECDF /* XCRemoteSwiftPackageReference "swift-nio" */;
			productName = NIOTLS;
		};
		F47CCD4F2FDB592A00BBECDF /* NIOTestUtils */ = {
			isa = XCSwiftPackageProductDependency;
			package = F47CCD3C2FDB592A00BBECDF /* XCRemoteSwiftPackageReference "swift-nio" */;
			productName = NIOTestUtils;
		};
		F47CCD512FDB592A00BBECDF /* NIOWebSocket */ = {
			isa = XCSwiftPackageProductDependency;
			package = F47CCD3C2FDB592A00BBECDF /* XCRemoteSwiftPackageReference "swift-nio" */;
			productName = NIOWebSocket;
		};
		F47CCD532FDB592A00BBECDF /* _NIOConcurrency */ = {
			isa = XCSwiftPackageProductDependency;
			package = F47CCD3C2FDB592A00BBECDF /* XCRemoteSwiftPackageReference "swift-nio" */;
			productName = _NIOConcurrency;
		};
		F47CCD552FDB592A00BBECDF /* _NIOFileSystem */ = {
			isa = XCSwiftPackageProductDependency;
			package = F47CCD3C2FDB592A00BBECDF /* XCRemoteSwiftPackageReference "swift-nio" */;
			productName = _NIOFileSystem;
		};
		F47CCD572FDB592A00BBECDF /* _NIOFileSystemFoundationCompat */ = {
			isa = XCSwiftPackageProductDependency;
			package = F47CCD3C2FDB592A00BBECDF /* XCRemoteSwiftPackageReference "swift-nio" */;
			productName = _NIOFileSystemFoundationCompat;
		};
/* End XCSwiftPackageProductDependency section */
	};
	rootObject = F4ABBF4C27DFDF730097436A /* Project object */;
}
